{
  "nodes": {
    "flake-utils": {
      "locked": {
        "lastModified": 1623875721,
        "narHash": "sha256-A8BU7bjS5GirpAUv4QA+QnJ4CceLHkcXdRp4xITDB0s=",
        "owner": "numtide",
        "repo": "flake-utils",
        "rev": "f7e004a55b120c02ecb6219596820fcd32ca8772",
        "type": "github"
      },
      "original": {
        "owner": "numtide",
        "ref": "master",
        "repo": "flake-utils",
        "type": "github"
      }
    },
    "nixpkgs": {
      "locked": {
        "lastModified": 1626834727,
        "narHash": "sha256-ToGgus+UImnLNaLgv+xfo/cI3J/NQl2KB5kvyErXays=",
        "owner": "NixOS",
        "repo": "nixpkgs",
        "rev": "63ee5cd99a2e193d5e4c879feb9683ddec23fa03",
        "type": "github"
      },
      "original": {
        "owner": "NixOS",
        "ref": "nixos-21.05",
        "repo": "nixpkgs",
        "type": "github"
      }
    },
    "root": {
      "inputs": {
        "flake-utils": "flake-utils",
        "nixpkgs": "nixpkgs",
        "tinybeachthor": "tinybeachthor"
      }
    },
    "tinybeachthor": {
      "inputs": {
        "nixpkgs": [
          "nixpkgs"
        ]
      },
      "locked": {
        "lastModified": 1603270247,
        "narHash": "sha256-Uc6oe8G7wSTNqZcpjHpY9qHc8cdU2n9e4GYVR9bgC28=",
        "owner": "tinybeachthor",
        "repo": "nur-packages",
        "rev": "a7b87a296f5bb5f2a23d421e124a6ff32e0f32a7",
        "type": "github"
      },
      "original": {
        "owner": "tinybeachthor",
        "ref": "master",
        "repo": "nur-packages",
        "type": "github"
      }
    }
  },
  "root": "root",
  "version": 7
}
